
Microsoft Visual Studio Solution File, Format Version 12.00
# Visual Studio 15
VisualStudioVersion = 15.0.28010.2046
MinimumVisualStudioVersion = 10.0.40219.1
Project("{CC5FD16D-436D-48AD-A40C-5A424C6E3E79}") = "AutoLuminosityService.Azure", "AutoLuminosityService.Azure\AutoLuminosityService.Azure.ccproj", "{C36FFA1C-E82A-4101-9DB8-93C7FA50401D}"
EndProject
Project("{FAE04EC0-301F-11D3-BF4B-00C04F79EFBC}") = "AutoLuminosityService", "AutoLuminosityService\AutoLuminosityService.csproj", "{6254F84F-8251-4331-A21A-5FACFB4615F6}"
EndProject
Global
	GlobalSection(SolutionConfigurationPlatforms) = preSolution
		Debug|Any CPU = Debug|Any CPU
		Release|Any CPU = Release|Any CPU
	EndGlobalSection
	GlobalSection(ProjectConfigurationPlatforms) = postSolution
		{C36FFA1C-E82A-4101-9DB8-93C7FA50401D}.Debug|Any CPU.ActiveCfg = Debug|Any CPU
		{C36FFA1C-E82A-4101-9DB8-93C7FA50401D}.Debug|Any CPU.Build.0 = Debug|Any CPU
		{C36FFA1C-E82A-4101-9DB8-93C7FA50401D}.Release|Any CPU.ActiveCfg = Release|Any CPU
		{C36FFA1C-E82A-4101-9DB8-93C7FA50401D}.Release|Any CPU.Build.0 = Release|Any CPU
		{6254F84F-8251-4331-A21A-5FACFB4615F6}.Debug|Any CPU.ActiveCfg = Debug|Any CPU
		{6254F84F-8251-4331-A21A-5FACFB4615F6}.Debug|Any CPU.Build.0 = Debug|Any CPU
		{6254F84F-8251-4331-A21A-5FACFB4615F6}.Release|Any CPU.ActiveCfg = Release|Any CPU
		{6254F84F-8251-4331-A21A-5FACFB4615F6}.Release|Any CPU.Build.0 = Release|Any CPU
	EndGlobalSection
	GlobalSection(SolutionProperties) = preSolution
		HideSolutionNode = FALSE
	EndGlobalSection
	GlobalSection(ExtensibilityGlobals) = postSolution
		SolutionGuid = {86B9DB54-B369-4222-BA09-55371C4368F0}
	EndGlobalSection
EndGlobal
